
Microsoft Visual Studio Solution File, Format Version 12.00
# Visual Studio Version 16
VisualStudioVersion = 16.0.31105.61
MinimumVisualStudioVersion = 10.0.40219.1
Project("{FAE04EC0-301F-11D3-BF4B-00C04F79EFBC}") = "URLShorteningService", "URLShorteningService\URLShorteningService.csproj", "{419796C2-5D0A-47B9-B630-71189B62CB93}"
EndProject
Global
	GlobalSection(SolutionConfigurationPlatforms) = preSolution
		Debug|Any CPU = Debug|Any CPU
		Release|Any CPU = Release|Any CPU
	EndGlobalSection
	GlobalSection(ProjectConfigurationPlatforms) = postSolution
		{419796C2-5D0A-47B9-B630-71189B62CB93}.Debug|Any CPU.ActiveCfg = Debug|Any CPU
		{419796C2-5D0A-47B9-B630-71189B62CB93}.Debug|Any CPU.Build.0 = Debug|Any CPU
		{419796C2-5D0A-47B9-B630-71189B62CB93}.Release|Any CPU.ActiveCfg = Release|Any CPU
		{419796C2-5D0A-47B9-B630-71189B62CB93}.Release|Any CPU.Build.0 = Release|Any CPU
	EndGlobalSection
	GlobalSection(SolutionProperties) = preSolution
		HideSolutionNode = FALSE
	EndGlobalSection
	GlobalSection(ExtensibilityGlobals) = postSolution
		SolutionGuid = {4D58646F-9674-4CCA-951A-1FC5BB9E3539}
	EndGlobalSection
EndGlobal
